// !$*UTF8*$!
{
	archiveVersion = 1;
	classes = {
	};
	objectVersion = 55;
	objects = {

/* Begin PBXBuildFile section */
		FD048C8D283402840052DEB0 /* UINavigationBar+Configuration.swift in Sources */ = {isa = PBXBuildFile; fileRef = FD048C8C283402840052DEB0 /* UINavigationBar+Configuration.swift */; };
		FD048C8F283403310052DEB0 /* ReverseTextField.swift in Sources */ = {isa = PBXBuildFile; fileRef = FD048C8E283403310052DEB0 /* ReverseTextField.swift */; };
		FDA8147328356DF80003A0BB /* LineView.swift in Sources */ = {isa = PBXBuildFile; fileRef = FDA8147228356DF80003A0BB /* LineView.swift */; };
		FDA8147628356E6B0003A0BB /* ViewController+Delegation.swift in Sources */ = {isa = PBXBuildFile; fileRef = FDA8147528356E6B0003A0BB /* ViewController+Delegation.swift */; };
		FDA8147E2835721B0003A0BB /* ReverseWordsTests.swift in Sources */ = {isa = PBXBuildFile; fileRef = FDA8147D2835721B0003A0BB /* ReverseWordsTests.swift */; };
		FDA8148B2835726F0003A0BB /* ReverseWordsUITests.swift in Sources */ = {isa = PBXBuildFile; fileRef = FDA8148A2835726F0003A0BB /* ReverseWordsUITests.swift */; };
		FDD65CE628327F100013730D /* AppDelegate.swift in Sources */ = {isa = PBXBuildFile; fileRef = FDD65CE528327F100013730D /* AppDelegate.swift */; };
		FDD65CE828327F100013730D /* SceneDelegate.swift in Sources */ = {isa = PBXBuildFile; fileRef = FDD65CE728327F100013730D /* SceneDelegate.swift */; };
		FDD65CEA28327F100013730D /* ViewController.swift in Sources */ = {isa = PBXBuildFile; fileRef = FDD65CE928327F100013730D /* ViewController.swift */; };
		FDD65CED28327F100013730D /* Main.storyboard in Resources */ = {isa = PBXBuildFile; fileRef = FDD65CEB28327F100013730D /* Main.storyboard */; };
		FDD65CEF28327F120013730D /* Assets.xcassets in Resources */ = {isa = PBXBuildFile; fileRef = FDD65CEE28327F120013730D /* Assets.xcassets */; };
		FDD65CF228327F120013730D /* LaunchScreen.storyboard in Resources */ = {isa = PBXBuildFile; fileRef = FDD65CF028327F120013730D /* LaunchScreen.storyboard */; };
		FDD65CFC28327F530013730D /* Roboto-Regular.ttf in Resources */ = {isa = PBXBuildFile; fileRef = FDD65CFA28327F530013730D /* Roboto-Regular.ttf */; };
		FDD65CFD28327F530013730D /* Roboto-Bold.ttf in Resources */ = {isa = PBXBuildFile; fileRef = FDD65CFB28327F530013730D /* Roboto-Bold.ttf */; };
		FDD65D0028327FCD0013730D /* ReversePhrase.swift in Sources */ = {isa = PBXBuildFile; fileRef = FDD65CFF28327FCD0013730D /* ReversePhrase.swift */; };
		FDD65D0428327FE80013730D /* ReverseButton.swift in Sources */ = {isa = PBXBuildFile; fileRef = FDD65D0328327FE80013730D /* ReverseButton.swift */; };
/* End PBXBuildFile section */

/* Begin PBXContainerItemProxy section */
		FDA8147F2835721B0003A0BB /* PBXContainerItemProxy */ = {
			isa = PBXContainerItemProxy;
			containerPortal = FDD65CDA28327F100013730D /* Project object */;
			proxyType = 1;
			remoteGlobalIDString = FDD65CE128327F100013730D;
			remoteInfo = ReverseWords;
		};
		FDA8148E2835726F0003A0BB /* PBXContainerItemProxy */ = {
			isa = PBXContainerItemProxy;
			containerPortal = FDD65CDA28327F100013730D /* Project object */;
			proxyType = 1;
			remoteGlobalIDString = FDD65CE128327F100013730D;
			remoteInfo = ReverseWords;
		};
/* End PBXContainerItemProxy section */

/* Begin PBXFileReference section */
		FD048C8C283402840052DEB0 /* UINavigationBar+Configuration.swift */ = {isa = PBXFileReference; lastKnownFileType = sourcecode.swift; path = "UINavigationBar+Configuration.swift"; sourceTree = "<group>"; };
		FD048C8E283403310052DEB0 /* ReverseTextField.swift */ = {isa = PBXFileReference; lastKnownFileType = sourcecode.swift; path = ReverseTextField.swift; sourceTree = "<group>"; };
		FDA8147228356DF80003A0BB /* LineView.swift */ = {isa = PBXFileReference; lastKnownFileType = sourcecode.swift; path = LineView.swift; sourceTree = "<group>"; };
		FDA8147528356E6B0003A0BB /* ViewController+Delegation.swift */ = {isa = PBXFileReference; lastKnownFileType = sourcecode.swift; path = "ViewController+Delegation.swift"; sourceTree = "<group>"; };
		FDA8147B2835721B0003A0BB /* ReverseWordsTests.xctest */ = {isa = PBXFileReference; explicitFileType = wrapper.cfbundle; includeInIndex = 0; path = ReverseWordsTests.xctest; sourceTree = BUILT_PRODUCTS_DIR; };
		FDA8147D2835721B0003A0BB /* ReverseWordsTests.swift */ = {isa = PBXFileReference; lastKnownFileType = sourcecode.swift; path = ReverseWordsTests.swift; sourceTree = "<group>"; };
		FDA814882835726F0003A0BB /* ReverseWordsUITests.xctest */ = {isa = PBXFileReference; explicitFileType = wrapper.cfbundle; includeInIndex = 0; path = ReverseWordsUITests.xctest; sourceTree = BUILT_PRODUCTS_DIR; };
		FDA8148A2835726F0003A0BB /* ReverseWordsUITests.swift */ = {isa = PBXFileReference; lastKnownFileType = sourcecode.swift; path = ReverseWordsUITests.swift; sourceTree = "<group>"; };
		FDD65CE228327F100013730D /* ReverseWords.app */ = {isa = PBXFileReference; explicitFileType = wrapper.application; includeInIndex = 0; path = ReverseWords.app; sourceTree = BUILT_PRODUCTS_DIR; };
		FDD65CE528327F100013730D /* AppDelegate.swift */ = {isa = PBXFileReference; lastKnownFileType = sourcecode.swift; path = AppDelegate.swift; sourceTree = "<group>"; };
		FDD65CE728327F100013730D /* SceneDelegate.swift */ = {isa = PBXFileReference; lastKnownFileType = sourcecode.swift; path = SceneDelegate.swift; sourceTree = "<group>"; };
		FDD65CE928327F100013730D /* ViewController.swift */ = {isa = PBXFileReference; lastKnownFileType = sourcecode.swift; path = ViewController.swift; sourceTree = "<group>"; };
		FDD65CEC28327F100013730D /* Base */ = {isa = PBXFileReference; lastKnownFileType = file.storyboard; name = Base; path = Base.lproj/Main.storyboard; sourceTree = "<group>"; };
		FDD65CEE28327F120013730D /* Assets.xcassets */ = {isa = PBXFileReference; lastKnownFileType = folder.assetcatalog; path = Assets.xcassets; sourceTree = "<group>"; };
		FDD65CF128327F120013730D /* Base */ = {isa = PBXFileReference; lastKnownFileType = file.storyboard; name = Base; path = Base.lproj/LaunchScreen.storyboard; sourceTree = "<group>"; };
		FDD65CF328327F120013730D /* Info.plist */ = {isa = PBXFileReference; lastKnownFileType = text.plist.xml; path = Info.plist; sourceTree = "<group>"; };
		FDD65CFA28327F530013730D /* Roboto-Regular.ttf */ = {isa = PBXFileReference; lastKnownFileType = file; path = "Roboto-Regular.ttf"; sourceTree = "<group>"; };
		FDD65CFB28327F530013730D /* Roboto-Bold.ttf */ = {isa = PBXFileReference; lastKnownFileType = file; path = "Roboto-Bold.ttf"; sourceTree = "<group>"; };
		FDD65CFF28327FCD0013730D /* ReversePhrase.swift */ = {isa = PBXFileReference; lastKnownFileType = sourcecode.swift; path = ReversePhrase.swift; sourceTree = "<group>"; };
		FDD65D0328327FE80013730D /* ReverseButton.swift */ = {isa = PBXFileReference; lastKnownFileType = sourcecode.swift; path = ReverseButton.swift; sourceTree = "<group>"; };
/* End PBXFileReference section */

/* Begin PBXFrameworksBuildPhase section */
		FDA814782835721B0003A0BB /* Frameworks */ = {
			isa = PBXFrameworksBuildPhase;
			buildActionMask = 2147483647;
			files = (
			);
			runOnlyForDeploymentPostprocessing = 0;
		};
		FDA814852835726F0003A0BB /* Frameworks */ = {
			isa = PBXFrameworksBuildPhase;
			buildActionMask = 2147483647;
			files = (
			);
			runOnlyForDeploymentPostprocessing = 0;
		};
		FDD65CDF28327F100013730D /* Frameworks */ = {
			isa = PBXFrameworksBuildPhase;
			buildActionMask = 2147483647;
			files = (
			);
			runOnlyForDeploymentPostprocessing = 0;
		};
/* End PBXFrameworksBuildPhase section */

/* Begin PBXGroup section */
		FDA8147428356E540003A0BB /* Controllers */ = {
			isa = PBXGroup;
			children = (
				FDD65CE928327F100013730D /* ViewController.swift */,
				FDA8147528356E6B0003A0BB /* ViewController+Delegation.swift */,
			);
			path = Controllers;
			sourceTree = "<group>";
		};
		FDA8147C2835721B0003A0BB /* ReverseWordsTests */ = {
			isa = PBXGroup;
			children = (
				FDA8147D2835721B0003A0BB /* ReverseWordsTests.swift */,
			);
			path = ReverseWordsTests;
			sourceTree = "<group>";
		};
		FDA814892835726F0003A0BB /* ReverseWordsUITests */ = {
			isa = PBXGroup;
			children = (
				FDA8148A2835726F0003A0BB /* ReverseWordsUITests.swift */,
			);
			path = ReverseWordsUITests;
			sourceTree = "<group>";
		};
		FDD65CD928327F100013730D = {
			isa = PBXGroup;
			children = (
				FDD65CE428327F100013730D /* ReverseWords */,
				FDA8147C2835721B0003A0BB /* ReverseWordsTests */,
				FDA814892835726F0003A0BB /* ReverseWordsUITests */,
				FDD65CE328327F100013730D /* Products */,
			);
			sourceTree = "<group>";
		};
		FDD65CE328327F100013730D /* Products */ = {
			isa = PBXGroup;
			children = (
				FDD65CE228327F100013730D /* ReverseWords.app */,
				FDA8147B2835721B0003A0BB /* ReverseWordsTests.xctest */,
				FDA814882835726F0003A0BB /* ReverseWordsUITests.xctest */,
			);
			name = Products;
			sourceTree = "<group>";
		};
		FDD65CE428327F100013730D /* ReverseWords */ = {
			isa = PBXGroup;
			children = (
				FDA8147428356E540003A0BB /* Controllers */,
				FDD65D0228327FDB0013730D /* Views */,
				FDD65CFE28327FBE0013730D /* Models */,
				FDD65CF928327F2B0013730D /* fonts */,
				FDD65CE528327F100013730D /* AppDelegate.swift */,
				FDD65CE728327F100013730D /* SceneDelegate.swift */,
				FDD65CEB28327F100013730D /* Main.storyboard */,
				FDD65CEE28327F120013730D /* Assets.xcassets */,
				FDD65CF028327F120013730D /* LaunchScreen.storyboard */,
				FDD65CF328327F120013730D /* Info.plist */,
			);
			path = ReverseWords;
			sourceTree = "<group>";
		};
		FDD65CF928327F2B0013730D /* fonts */ = {
			isa = PBXGroup;
			children = (
				FDD65CFB28327F530013730D /* Roboto-Bold.ttf */,
				FDD65CFA28327F530013730D /* Roboto-Regular.ttf */,
			);
			path = fonts;
			sourceTree = "<group>";
		};
		FDD65CFE28327FBE0013730D /* Models */ = {
			isa = PBXGroup;
			children = (
				FDD65CFF28327FCD0013730D /* ReversePhrase.swift */,
			);
			path = Models;
			sourceTree = "<group>";
		};
		FDD65D0228327FDB0013730D /* Views */ = {
			isa = PBXGroup;
			children = (
				FDD65D0328327FE80013730D /* ReverseButton.swift */,
				FD048C8C283402840052DEB0 /* UINavigationBar+Configuration.swift */,
				FD048C8E283403310052DEB0 /* ReverseTextField.swift */,
				FDA8147228356DF80003A0BB /* LineView.swift */,
			);
			path = Views;
			sourceTree = "<group>";
		};
/* End PBXGroup section */

/* Begin PBXNativeTarget section */
		FDA8147A2835721B0003A0BB /* ReverseWordsTests */ = {
			isa = PBXNativeTarget;
			buildConfigurationList = FDA814812835721B0003A0BB /* Build configuration list for PBXNativeTarget "ReverseWordsTests" */;
			buildPhases = (
				FDA814772835721B0003A0BB /* Sources */,
				FDA814782835721B0003A0BB /* Frameworks */,
				FDA814792835721B0003A0BB /* Resources */,
			);
			buildRules = (
			);
			dependencies = (
				FDA814802835721B0003A0BB /* PBXTargetDependency */,
			);
			name = ReverseWordsTests;
			productName = ReverseWordsTests;
			productReference = FDA8147B2835721B0003A0BB /* ReverseWordsTests.xctest */;
			productType = "com.apple.product-type.bundle.unit-test";
		};
		FDA814872835726F0003A0BB /* ReverseWordsUITests */ = {
			isa = PBXNativeTarget;
			buildConfigurationList = FDA814902835726F0003A0BB /* Build configuration list for PBXNativeTarget "ReverseWordsUITests" */;
			buildPhases = (
				FDA814842835726F0003A0BB /* Sources */,
				FDA814852835726F0003A0BB /* Frameworks */,
				FDA814862835726F0003A0BB /* Resources */,
			);
			buildRules = (
			);
			dependencies = (
				FDA8148F2835726F0003A0BB /* PBXTargetDependency */,
			);
			name = ReverseWordsUITests;
			productName = ReverseWordsUITests;
			productReference = FDA814882835726F0003A0BB /* ReverseWordsUITests.xctest */;
			productType = "com.apple.product-type.bundle.ui-testing";
		};
		FDD65CE128327F100013730D /* ReverseWords */ = {
			isa = PBXNativeTarget;
			buildConfigurationList = FDD65CF628327F120013730D /* Build configuration list for PBXNativeTarget "ReverseWords" */;
			buildPhases = (
				FDD65CDE28327F100013730D /* Sources */,
				FDD65CDF28327F100013730D /* Frameworks */,
				FDD65CE028327F100013730D /* Resources */,
			);
			buildRules = (
			);
			dependencies = (
			);
			name = ReverseWords;
			productName = ReverseWords;
			productReference = FDD65CE228327F100013730D /* ReverseWords.app */;
			productType = "com.apple.product-type.application";
		};
/* End PBXNativeTarget section */

/* Begin PBXProject section */
		FDD65CDA28327F100013730D /* Project object */ = {
			isa = PBXProject;
			attributes = {
				BuildIndependentTargetsInParallel = 1;
				LastSwiftUpdateCheck = 1330;
				LastUpgradeCheck = 1330;
				TargetAttributes = {
					FDA8147A2835721B0003A0BB = {
						CreatedOnToolsVersion = 13.3.1;
						TestTargetID = FDD65CE128327F100013730D;
					};
					FDA814872835726F0003A0BB = {
						CreatedOnToolsVersion = 13.3.1;
						TestTargetID = FDD65CE128327F100013730D;
					};
					FDD65CE128327F100013730D = {
						CreatedOnToolsVersion = 13.3.1;
					};
				};
			};
			buildConfigurationList = FDD65CDD28327F100013730D /* Build configuration list for PBXProject "ReverseWords" */;
			compatibilityVersion = "Xcode 13.0";
			developmentRegion = en;
			hasScannedForEncodings = 0;
			knownRegions = (
				en,
				Base,
			);
			mainGroup = FDD65CD928327F100013730D;
			productRefGroup = FDD65CE328327F100013730D /* Products */;
			projectDirPath = "";
			projectRoot = "";
			targets = (
				FDD65CE128327F100013730D /* ReverseWords */,
				FDA8147A2835721B0003A0BB /* ReverseWordsTests */,
				FDA814872835726F0003A0BB /* ReverseWordsUITests */,
			);
		};
/* End PBXProject section */

/* Begin PBXResourcesBuildPhase section */
		FDA814792835721B0003A0BB /* Resources */ = {
			isa = PBXResourcesBuildPhase;
			buildActionMask = 2147483647;
			files = (
			);
			runOnlyForDeploymentPostprocessing = 0;
		};
		FDA814862835726F0003A0BB /* Resources */ = {
			isa = PBXResourcesBuildPhase;
			buildActionMask = 2147483647;
			files = (
			);
			runOnlyForDeploymentPostprocessing = 0;
		};
		FDD65CE028327F100013730D /* Resources */ = {
			isa = PBXResourcesBuildPhase;
			buildActionMask = 2147483647;
			files = (
				FDD65CF228327F120013730D /* LaunchScreen.storyboard in Resources */,
				FDD65CEF28327F120013730D /* Assets.xcassets in Resources */,
				FDD65CFD28327F530013730D /* Roboto-Bold.ttf in Resources */,
				FDD65CFC28327F530013730D /* Roboto-Regular.ttf in Resources */,
				FDD65CED28327F100013730D /* Main.storyboard in Resources */,
			);
			runOnlyForDeploymentPostprocessing = 0;
		};
/* End PBXResourcesBuildPhase section */

/* Begin PBXSourcesBuildPhase section */
		FDA814772835721B0003A0BB /* Sources */ = {
			isa = PBXSourcesBuildPhase;
			buildActionMask = 2147483647;
			files = (
				FDA8147E2835721B0003A0BB /* ReverseWordsTests.swift in Sources */,
			);
			runOnlyForDeploymentPostprocessing = 0;
		};
		FDA814842835726F0003A0BB /* Sources */ = {
			isa = PBXSourcesBuildPhase;
			buildActionMask = 2147483647;
			files = (
				FDA8148B2835726F0003A0BB /* ReverseWordsUITests.swift in Sources */,
			);
			runOnlyForDeploymentPostprocessing = 0;
		};
		FDD65CDE28327F100013730D /* Sources */ = {
			isa = PBXSourcesBuildPhase;
			buildActionMask = 2147483647;
			files = (
				FD048C8F283403310052DEB0 /* ReverseTextField.swift in Sources */,
				FDA8147628356E6B0003A0BB /* ViewController+Delegation.swift in Sources */,
				FDD65D0028327FCD0013730D /* ReversePhrase.swift in Sources */,
				FDD65CEA28327F100013730D /* ViewController.swift in Sources */,
				FDD65CE628327F100013730D /* AppDelegate.swift in Sources */,
				FDA8147328356DF80003A0BB /* LineView.swift in Sources */,
				FDD65CE828327F100013730D /* SceneDelegate.swift in Sources */,
				FD048C8D283402840052DEB0 /* UINavigationBar+Configuration.swift in Sources */,
				FDD65D0428327FE80013730D /* ReverseButton.swift in Sources */,
			);
			runOnlyForDeploymentPostprocessing = 0;
		};
/* End PBXSourcesBuildPhase section */

/* Begin PBXTargetDependency section */
		FDA814802835721B0003A0BB /* PBXTargetDependency */ = {
			isa = PBXTargetDependency;
			target = FDD65CE128327F100013730D /* ReverseWords */;
			targetProxy = FDA8147F2835721B0003A0BB /* PBXContainerItemProxy */;
		};
		FDA8148F2835726F0003A0BB /* PBXTargetDependency */ = {
			isa = PBXTargetDependency;
			target = FDD65CE128327F100013730D /* ReverseWords */;
			targetProxy = FDA8148E2835726F0003A0BB /* PBXContainerItemProxy */;
		};
/* End PBXTargetDependency section */

/* Begin PBXVariantGroup section */
		FDD65CEB28327F100013730D /* Main.storyboard */ = {
			isa = PBXVariantGroup;
			children = (
				FDD65CEC28327F100013730D /* Base */,
			);
			name = Main.storyboard;
			sourceTree = "<group>";
		};
		FDD65CF028327F120013730D /* LaunchScreen.storyboard */ = {
			isa = PBXVariantGroup;
			children = (
				FDD65CF128327F120013730D /* Base */,
			);
			name = LaunchScreen.storyboard;
			sourceTree = "<group>";
		};
/* End PBXVariantGroup section */

/* Begin XCBuildConfiguration section */
		FDA814822835721B0003A0BB /* Debug */ = {
			isa = XCBuildConfiguration;
			buildSettings = {
				BUNDLE_LOADER = "$(TEST_HOST)";
				CODE_SIGN_STYLE = Automatic;
				CURRENT_PROJECT_VERSION = 1;
				GENERATE_INFOPLIST_FILE = YES;
				MARKETING_VERSION = 1.0;
				PRODUCT_BUNDLE_IDENTIFIER = com.RomanIvanov.ReverseWordsTests;
				PRODUCT_NAME = "$(TARGET_NAME)";
				SWIFT_EMIT_LOC_STRINGS = NO;
				SWIFT_VERSION = 5.0;
				TARGETED_DEVICE_FAMILY = "1,2";
				TEST_HOST = "$(BUILT_PRODUCTS_DIR)/ReverseWords.app/ReverseWords";
			};
			name = Debug;
		};
		FDA814832835721B0003A0BB /* Release */ = {
			isa = XCBuildConfiguration;
			buildSettings = {
				BUNDLE_LOADER = "$(TEST_HOST)";
				CODE_SIGN_STYLE = Automatic;
				CURRENT_PROJECT_VERSION = 1;
				GENERATE_INFOPLIST_FILE = YES;
				MARKETING_VERSION = 1.0;
				PRODUCT_BUNDLE_IDENTIFIER = com.RomanIvanov.ReverseWordsTests;
				PRODUCT_NAME = "$(TARGET_NAME)";
				SWIFT_EMIT_LOC_STRINGS = NO;
				SWIFT_VERSION = 5.0;
				TARGETED_DEVICE_FAMILY = "1,2";
				TEST_HOST = "$(BUILT_PRODUCTS_DIR)/ReverseWords.app/ReverseWords";
			};
			name = Release;
		};
		FDA814912835726F0003A0BB /* Debug */ = {
			isa = XCBuildConfiguration;
			buildSettings = {
				CODE_SIGN_STYLE = Automatic;
				CURRENT_PROJECT_VERSION = 1;
				GENERATE_INFOPLIST_FILE = YES;
				MARKETING_VERSION = 1.0;
				PRODUCT_BUNDLE_IDENTIFIER = com.RomanIvanov.ReverseWordsUITests;
				PRODUCT_NAME = "$(TARGET_NAME)";
				SWIFT_EMIT_LOC_STRINGS = NO;
				SWIFT_VERSION = 5.0;
				TARGETED_DEVICE_FAMILY = "1,2";
				TEST_TARGET_NAME = ReverseWords;
			};
			name = Debug;
		};
		FDA814922835726F0003A0BB /* Release */ = {
			isa = XCBuildConfiguration;
			buildSettings = {
				CODE_SIGN_STYLE = Automatic;
				CURRENT_PROJECT_VERSION = 1;
				GENERATE_INFOPLIST_FILE = YES;
				MARKETING_VERSION = 1.0;
				PRODUCT_BUNDLE_IDENTIFIER = com.RomanIvanov.ReverseWordsUITests;
				PRODUCT_NAME = "$(TARGET_NAME)";
				SWIFT_EMIT_LOC_STRINGS = NO;
				SWIFT_VERSION = 5.0;
				TARGETED_DEVICE_FAMILY = "1,2";
				TEST_TARGET_NAME = ReverseWords;
			};
			name = Release;
		};
		FDD65CF428327F120013730D /* Debug */ = {
			isa = XCBuildConfiguration;
			buildSettings = {
				ALWAYS_SEARCH_USER_PATHS = NO;
				CLANG_ANALYZER_NONNULL = YES;
				CLANG_ANALYZER_NUMBER_OBJECT_CONVERSION = YES_AGGRESSIVE;
				CLANG_CXX_LANGUAGE_STANDARD = "gnu++17";
				CLANG_ENABLE_MODULES = YES;
				CLANG_ENABLE_OBJC_ARC = YES;
				CLANG_ENABLE_OBJC_WEAK = YES;
				CLANG_WARN_BLOCK_CAPTURE_AUTORELEASING = YES;
				CLANG_WARN_BOOL_CONVERSION = YES;
				CLANG_WARN_COMMA = YES;
				CLANG_WARN_CONSTANT_CONVERSION = YES;
				CLANG_WARN_DEPRECATED_OBJC_IMPLEMENTATIONS = YES;
				CLANG_WARN_DIRECT_OBJC_ISA_USAGE = YES_ERROR;
				CLANG_WARN_DOCUMENTATION_COMMENTS = YES;
				CLANG_WARN_EMPTY_BODY = YES;
				CLANG_WARN_ENUM_CONVERSION = YES;
				CLANG_WARN_INFINITE_RECURSION = YES;
				CLANG_WARN_INT_CONVERSION = YES;
				CLANG_WARN_NON_LITERAL_NULL_CONVERSION = YES;
				CLANG_WARN_OBJC_IMPLICIT_RETAIN_SELF = YES;
				CLANG_WARN_OBJC_LITERAL_CONVERSION = YES;
				CLANG_WARN_OBJC_ROOT_CLASS = YES_ERROR;
				CLANG_WARN_QUOTED_INCLUDE_IN_FRAMEWORK_HEADER = YES;
				CLANG_WARN_RANGE_LOOP_ANALYSIS = YES;
				CLANG_WARN_STRICT_PROTOTYPES = YES;
				CLANG_WARN_SUSPICIOUS_MOVE = YES;
				CLANG_WARN_UNGUARDED_AVAILABILITY = YES_AGGRESSIVE;
				CLANG_WARN_UNREACHABLE_CODE = YES;
				CLANG_WARN__DUPLICATE_METHOD_MATCH = YES;
				COPY_PHASE_STRIP = NO;
				DEBUG_INFORMATION_FORMAT = dwarf;
				ENABLE_STRICT_OBJC_MSGSEND = YES;
				ENABLE_TESTABILITY = YES;
				GCC_C_LANGUAGE_STANDARD = gnu11;
				GCC_DYNAMIC_NO_PIC = NO;
				GCC_NO_COMMON_BLOCKS = YES;
				GCC_OPTIMIZATION_LEVEL = 0;
				GCC_PREPROCESSOR_DEFINITIONS = (
					"DEBUG=1",
					"$(inherited)",
				);
				GCC_WARN_64_TO_32_BIT_CONVERSION = YES;
				GCC_WARN_ABOUT_RETURN_TYPE = YES_ERROR;
				GCC_WARN_UNDECLARED_SELECTOR = YES;
				GCC_WARN_UNINITIALIZED_AUTOS = YES_AGGRESSIVE;
				GCC_WARN_UNUSED_FUNCTION = YES;
				GCC_WARN_UNUSED_VARIABLE = YES;
				IPHONEOS_DEPLOYMENT_TARGET = 15.4;
				MTL_ENABLE_DEBUG_INFO = INCLUDE_SOURCE;
				MTL_FAST_MATH = YES;
				ONLY_ACTIVE_ARCH = YES;
				SDKROOT = iphoneos;
				SWIFT_ACTIVE_COMPILATION_CONDITIONS = DEBUG;
				SWIFT_OPTIMIZATION_LEVEL = "-Onone";
			};
			name = Debug;
		};
		FDD65CF528327F120013730D /* Release */ = {
			isa = XCBuildConfiguration;
			buildSettings = {
				ALWAYS_SEARCH_USER_PATHS = NO;
				CLANG_ANALYZER_NONNULL = YES;
				CLANG_ANALYZER_NUMBER_OBJECT_CONVERSION = YES_AGGRESSIVE;
				CLANG_CXX_LANGUAGE_STANDARD = "gnu++17";
				CLANG_ENABLE_MODULES = YES;
				CLANG_ENABLE_OBJC_ARC = YES;
				CLANG_ENABLE_OBJC_WEAK = YES;
				CLANG_WARN_BLOCK_CAPTURE_AUTORELEASING = YES;
				CLANG_WARN_BOOL_CONVERSION = YES;
				CLANG_WARN_COMMA = YES;
				CLANG_WARN_CONSTANT_CONVERSION = YES;
				CLANG_WARN_DEPRECATED_OBJC_IMPLEMENTATIONS = YES;
				CLANG_WARN_DIRECT_OBJC_ISA_USAGE = YES_ERROR;
				CLANG_WARN_DOCUMENTATION_COMMENTS = YES;
				CLANG_WARN_EMPTY_BODY = YES;
				CLANG_WARN_ENUM_CONVERSION = YES;
				CLANG_WARN_INFINITE_RECURSION = YES;
				CLANG_WARN_INT_CONVERSION = YES;
				CLANG_WARN_NON_LITERAL_NULL_CONVERSION = YES;
				CLANG_WARN_OBJC_IMPLICIT_RETAIN_SELF = YES;
				CLANG_WARN_OBJC_LITERAL_CONVERSION = YES;
				CLANG_WARN_OBJC_ROOT_CLASS = YES_ERROR;
				CLANG_WARN_QUOTED_INCLUDE_IN_FRAMEWORK_HEADER = YES;
				CLANG_WARN_RANGE_LOOP_ANALYSIS = YES;
				CLANG_WARN_STRICT_PROTOTYPES = YES;
				CLANG_WARN_SUSPICIOUS_MOVE = YES;
				CLANG_WARN_UNGUARDED_AVAILABILITY = YES_AGGRESSIVE;
				CLANG_WARN_UNREACHABLE_CODE = YES;
				CLANG_WARN__DUPLICATE_METHOD_MATCH = YES;
				COPY_PHASE_STRIP = NO;
				DEBUG_INFORMATION_FORMAT = "dwarf-with-dsym";
				ENABLE_NS_ASSERTIONS = NO;
				ENABLE_STRICT_OBJC_MSGSEND = YES;
				GCC_C_LANGUAGE_STANDARD = gnu11;
				GCC_NO_COMMON_BLOCKS = YES;
				GCC_WARN_64_TO_32_BIT_CONVERSION = YES;
				GCC_WARN_ABOUT_RETURN_TYPE = YES_ERROR;
				GCC_WARN_UNDECLARED_SELECTOR = YES;
				GCC_WARN_UNINITIALIZED_AUTOS = YES_AGGRESSIVE;
				GCC_WARN_UNUSED_FUNCTION = YES;
				GCC_WARN_UNUSED_VARIABLE = YES;
				IPHONEOS_DEPLOYMENT_TARGET = 15.4;
				MTL_ENABLE_DEBUG_INFO = NO;
				MTL_FAST_MATH = YES;
				SDKROOT = iphoneos;
				SWIFT_COMPILATION_MODE = wholemodule;
				SWIFT_OPTIMIZATION_LEVEL = "-O";
				VALIDATE_PRODUCT = YES;
			};
			name = Release;
		};
		FDD65CF728327F120013730D /* Debug */ = {
			isa = XCBuildConfiguration;
			buildSettings = {
				ASSETCATALOG_COMPILER_APPICON_NAME = AppIcon;
				ASSETCATALOG_COMPILER_GLOBAL_ACCENT_COLOR_NAME = AccentColor;
				CODE_SIGN_STYLE = Automatic;
				CURRENT_PROJECT_VERSION = 1;
				GENERATE_INFOPLIST_FILE = YES;
				INFOPLIST_FILE = ReverseWords/Info.plist;
				INFOPLIST_KEY_UIApplicationSupportsIndirectInputEvents = YES;
				INFOPLIST_KEY_UILaunchStoryboardName = LaunchScreen;
				INFOPLIST_KEY_UIMainStoryboardFile = Main;
				INFOPLIST_KEY_UISupportedInterfaceOrientations = UIInterfaceOrientationPortrait;
				INFOPLIST_KEY_UISupportedInterfaceOrientations_iPad = "UIInterfaceOrientationPortrait UIInterfaceOrientationPortraitUpsideDown UIInterfaceOrientationLandscapeLeft UIInterfaceOrientationLandscapeRight";
				INFOPLIST_KEY_UISupportedInterfaceOrientations_iPhone = "UIInterfaceOrientationPortrait UIInterfaceOrientationLandscapeLeft UIInterfaceOrientationLandscapeRight";
				LD_RUNPATH_SEARCH_PATHS = (
					"$(inherited)",
					"@executable_path/Frameworks",
				);
				MARKETING_VERSION = 1.0;
				PRODUCT_BUNDLE_IDENTIFIER = com.RomanIvanov.ReverseWords;
				PRODUCT_NAME = "$(TARGET_NAME)";
				SWIFT_EMIT_LOC_STRINGS = YES;
				SWIFT_VERSION = 5.0;
				TARGETED_DEVICE_FAMILY = "1,2";
			};
			name = Debug;
		};
		FDD65CF828327F120013730D /* Release */ = {
			isa = XCBuildConfiguration;
			buildSettings = {
				ASSETCATALOG_COMPILER_APPICON_NAME = AppIcon;
				ASSETCATALOG_COMPILER_GLOBAL_ACCENT_COLOR_NAME = AccentColor;
				CODE_SIGN_STYLE = Automatic;
				CURRENT_PROJECT_VERSION = 1;
				GENERATE_INFOPLIST_FILE = YES;
				INFOPLIST_FILE = ReverseWords/Info.plist;
				INFOPLIST_KEY_UIApplicationSupportsIndirectInputEvents = YES;
				INFOPLIST_KEY_UILaunchStoryboardName = LaunchScreen;
				INFOPLIST_KEY_UIMainStoryboardFile = Main;
				INFOPLIST_KEY_UISupportedInterfaceOrientations = UIInterfaceOrientationPortrait;
				INFOPLIST_KEY_UISupportedInterfaceOrientations_iPad = "UIInterfaceOrientationPortrait UIInterfaceOrientationPortraitUpsideDown UIInterfaceOrientationLandscapeLeft UIInterfaceOrientationLandscapeRight";
				INFOPLIST_KEY_UISupportedInterfaceOrientations_iPhone = "UIInterfaceOrientationPortrait UIInterfaceOrientationLandscapeLeft UIInterfaceOrientationLandscapeRight";
				LD_RUNPATH_SEARCH_PATHS = (
					"$(inherited)",
					"@executable_path/Frameworks",
				);
				MARKETING_VERSION = 1.0;
				PRODUCT_BUNDLE_IDENTIFIER = com.RomanIvanov.ReverseWords;
				PRODUCT_NAME = "$(TARGET_NAME)";
				SWIFT_EMIT_LOC_STRINGS = YES;
				SWIFT_VERSION = 5.0;
				TARGETED_DEVICE_FAMILY = "1,2";
			};
			name = Release;
		};
/* End XCBuildConfiguration section */

/* Begin XCConfigurationList section */
		FDA814812835721B0003A0BB /* Build configuration list for PBXNativeTarget "ReverseWordsTests" */ = {
			isa = XCConfigurationList;
			buildConfigurations = (
				FDA814822835721B0003A0BB /* Debug */,
				FDA814832835721B0003A0BB /* Release */,
			);
			defaultConfigurationIsVisible = 0;
			defaultConfigurationName = Release;
		};
		FDA814902835726F0003A0BB /* Build configuration list for PBXNativeTarget "ReverseWordsUITests" */ = {
			isa = XCConfigurationList;
			buildConfigurations = (
				FDA814912835726F0003A0BB /* Debug */,
				FDA814922835726F0003A0BB /* Release */,
			);
			defaultConfigurationIsVisible = 0;
			defaultConfigurationName = Release;
		};
		FDD65CDD28327F100013730D /* Build configuration list for PBXProject "ReverseWords" */ = {
			isa = XCConfigurationList;
			buildConfigurations = (
				FDD65CF428327F120013730D /* Debug */,
				FDD65CF528327F120013730D /* Release */,
			);
			defaultConfigurationIsVisible = 0;
			defaultConfigurationName = Release;
		};
		FDD65CF628327F120013730D /* Build configuration list for PBXNativeTarget "ReverseWords" */ = {
			isa = XCConfigurationList;
			buildConfigurations = (
				FDD65CF728327F120013730D /* Debug */,
				FDD65CF828327F120013730D /* Release */,
			);
			defaultConfigurationIsVisible = 0;
			defaultConfigurationName = Release;
		};
/* End XCConfigurationList section */
	};
	rootObject = FDD65CDA28327F100013730D /* Project object */;
}
